
Microsoft Visual Studio Solution File, Format Version 12.00
# Visual Studio Version 17
VisualStudioVersion = 17.14.36511.14
MinimumVisualStudioVersion = 10.0.40219.1
Project("{2150E333-8FDC-42A3-9474-1A3956D46DE8}") = "Task0", "Task0", "{02EA681E-C7D8-13C7-8484-4AC65E1B71E8}"
EndProject
Project("{FAE04EC0-301F-11D3-BF4B-00C04F79EFBC}") = "Tyuiu.DolganovAV.Sprint1.Task0.V2", "Tyuiu.DolganovAV.Sprint1.Task0.V2\Tyuiu.DolganovAV.Sprint1.Task0.V2.csproj", "{5BA34D67-5446-4F1C-85F0-3C1FFCDC59CF}"
EndProject
Project("{FAE04EC0-301F-11D3-BF4B-00C04F79EFBC}") = "Tyuiu.DolganovAV.Sprint1.Task0.V2.Test", "Tyuiu.DolganovAV.Sprint1.Task0.V2.Test\Tyuiu.DolganovAV.Sprint1.Task0.V2.Test.csproj", "{1C0C3877-41BA-4A96-82D8-CA9E6BD944C8}"
EndProject
Project("{FAE04EC0-301F-11D3-BF4B-00C04F79EFBC}") = "Tyuiu.DolganovAV.Sprint1.Task0.V2.Lib", "Tyuiu.DolganovAV.Sprint1.Task0.V2.Lib\Tyuiu.DolganovAV.Sprint1.Task0.V2.Lib.csproj", "{97463901-F571-4030-BD88-6EE05CBCDE17}"
EndProject
Project("{2150E333-8FDC-42A3-9474-1A3956D46DE8}") = "Task1", "Task1", "{0BD9687D-C9D6-49D1-8ADA-A13532799FF1}"
EndProject
Project("{FAE04EC0-301F-11D3-BF4B-00C04F79EFBC}") = "Tyuiu.DolganovAV.Sprint1.Task1.V25", "Tyuiu.DolganovAV.Sprint1.Task1.V25\Tyuiu.DolganovAV.Sprint1.Task1.V25.csproj", "{6AC565BF-796B-4D4B-BA9F-9DFDC096B99D}"
EndProject
Project("{FAE04EC0-301F-11D3-BF4B-00C04F79EFBC}") = "Tyuiu.DolganovAV.Sprint1.Task1.V25.Lib", "Tyuiu.DolganovAV.Sprint1.Task1.V25.Lib\Tyuiu.DolganovAV.Sprint1.Task1.V25.Lib.csproj", "{F570850F-0830-475B-AD52-91D83A52655B}"
EndProject
Project("{FAE04EC0-301F-11D3-BF4B-00C04F79EFBC}") = "Tyuiu.DolganovAV.Sprint1.Task1.V25.Test", "Tyuiu.DolganovAV.Sprint1.Task1.V25.Test\Tyuiu.DolganovAV.Sprint1.Task1.V25.Test.csproj", "{19471A78-51EA-40D7-A26D-DE7A3F6F9FB2}"
EndProject
Project("{2150E333-8FDC-42A3-9474-1A3956D46DE8}") = "Task2", "Task2", "{D4BE9A9A-EC12-45E4-9DE6-A988DBF1DFF0}"
EndProject
Project("{FAE04EC0-301F-11D3-BF4B-00C04F79EFBC}") = "Tyuiu.DolganovAV.Sprint1.Task2.V9", "Tyuiu.DolganovAV.Sprint1.Task2.V9\Tyuiu.DolganovAV.Sprint1.Task2.V9.csproj", "{A06A9953-091C-4EC6-84C2-640BF2BEF76D}"
EndProject
Project("{FAE04EC0-301F-11D3-BF4B-00C04F79EFBC}") = "Tyuiu.DolganovAV.Sprint1.Task2.V9.Lib", "Tyuiu.DolganovAV.Sprint1.Task2.V9.Lib\Tyuiu.DolganovAV.Sprint1.Task2.V9.Lib.csproj", "{6AAA1497-8DB7-4B64-8BE6-77345E7A5576}"
EndProject
Project("{FAE04EC0-301F-11D3-BF4B-00C04F79EFBC}") = "Tyuiu.DolganovAV.Sprint1.Task2.V9.Test", "Tyuiu.DolganovAV.Sprint1.Task2.V9.Test\Tyuiu.DolganovAV.Sprint1.Task2.V9.Test.csproj", "{44AD7F2E-28BE-4822-956C-997DE990161B}"
EndProject
Project("{2150E333-8FDC-42A3-9474-1A3956D46DE8}") = "Task3", "Task3", "{9F0D6EBA-EBA9-475F-B766-D38D75F1173D}"
EndProject
Project("{FAE04EC0-301F-11D3-BF4B-00C04F79EFBC}") = "Tyuiu.DolganovAV.Sprint1.Task3.V17", "Tyuiu.DolganovAV.Sprint1.Task3.V17\Tyuiu.DolganovAV.Sprint1.Task3.V17.csproj", "{0A60358C-88F1-4CC7-8D15-EF706B6694A8}"
EndProject
Project("{FAE04EC0-301F-11D3-BF4B-00C04F79EFBC}") = "Tyuiu.DolganovAV.Sprint1.Task3.V17.Test", "Tyuiu.DolganovAV.Sprint1.Task3.V17.Test\Tyuiu.DolganovAV.Sprint1.Task3.V17.Test.csproj", "{51301CB1-77F0-43B6-97FA-437FAB9E0A30}"
EndProject
Project("{FAE04EC0-301F-11D3-BF4B-00C04F79EFBC}") = "Tyuiu.DolganovAV.Sprint1.Task3.V17.Lib", "Tyuiu.DolganovAV.Sprint1.Task3.V17.Lib\Tyuiu.DolganovAV.Sprint1.Task3.V17.Lib.csproj", "{3CE6EC69-9CC3-4255-B0C7-5E4BC5B0BE7C}"
EndProject
Project("{2150E333-8FDC-42A3-9474-1A3956D46DE8}") = "Task4", "Task4", "{4EB2D20E-79D2-498E-914C-6ADE3C6880A1}"
EndProject
Project("{FAE04EC0-301F-11D3-BF4B-00C04F79EFBC}") = "Tyuiu.DolganovAV.Sprint1.Task4.V1", "Tyuiu.DolganovAV.Sprint1.Task4.V1\Tyuiu.DolganovAV.Sprint1.Task4.V1.csproj", "{968B408F-8021-4C66-A3CD-2472D68F3C00}"
EndProject
Project("{FAE04EC0-301F-11D3-BF4B-00C04F79EFBC}") = "Tyuiu.DolganovAV.Sprint1.Task4.V1.Lib", "Tyuiu.DolganovAV.Sprint1.Task4.V1.Lib\Tyuiu.DolganovAV.Sprint1.Task4.V1.Lib.csproj", "{7FB0577F-4E4E-42F8-B3E0-2FC5D12C7662}"
EndProject
Project("{FAE04EC0-301F-11D3-BF4B-00C04F79EFBC}") = "Tyuiu.DolganovAV.Sprint1.Task4.V1.Test", "Tyuiu.DolganovAV.Sprint1.Task4.V1.Test\Tyuiu.DolganovAV.Sprint1.Task4.V1.Test.csproj", "{27FD3607-DF57-4D02-9EE7-8DC435A52B6D}"
EndProject
Global
	GlobalSection(SolutionConfigurationPlatforms) = preSolution
		Debug|Any CPU = Debug|Any CPU
		Release|Any CPU = Release|Any CPU
	EndGlobalSection
	GlobalSection(ProjectConfigurationPlatforms) = postSolution
		{5BA34D67-5446-4F1C-85F0-3C1FFCDC59CF}.Debug|Any CPU.ActiveCfg = Debug|Any CPU
		{5BA34D67-5446-4F1C-85F0-3C1FFCDC59CF}.Debug|Any CPU.Build.0 = Debug|Any CPU
		{5BA34D67-5446-4F1C-85F0-3C1FFCDC59CF}.Release|Any CPU.ActiveCfg = Release|Any CPU
		{5BA34D67-5446-4F1C-85F0-3C1FFCDC59CF}.Release|Any CPU.Build.0 = Release|Any CPU
		{1C0C3877-41BA-4A96-82D8-CA9E6BD944C8}.Debug|Any CPU.ActiveCfg = Debug|Any CPU
		{1C0C3877-41BA-4A96-82D8-CA9E6BD944C8}.Debug|Any CPU.Build.0 = Debug|Any CPU
		{1C0C3877-41BA-4A96-82D8-CA9E6BD944C8}.Release|Any CPU.ActiveCfg = Release|Any CPU
		{1C0C3877-41BA-4A96-82D8-CA9E6BD944C8}.Release|Any CPU.Build.0 = Release|Any CPU
		{97463901-F571-4030-BD88-6EE05CBCDE17}.Debug|Any CPU.ActiveCfg = Debug|Any CPU
		{97463901-F571-4030-BD88-6EE05CBCDE17}.Debug|Any CPU.Build.0 = Debug|Any CPU
		{97463901-F571-4030-BD88-6EE05CBCDE17}.Release|Any CPU.ActiveCfg = Release|Any CPU
		{97463901-F571-4030-BD88-6EE05CBCDE17}.Release|Any CPU.Build.0 = Release|Any CPU
		{6AC565BF-796B-4D4B-BA9F-9DFDC096B99D}.Debug|Any CPU.ActiveCfg = Debug|Any CPU
		{6AC565BF-796B-4D4B-BA9F-9DFDC096B99D}.Debug|Any CPU.Build.0 = Debug|Any CPU
		{6AC565BF-796B-4D4B-BA9F-9DFDC096B99D}.Release|Any CPU.ActiveCfg = Release|Any CPU
		{6AC565BF-796B-4D4B-BA9F-9DFDC096B99D}.Release|Any CPU.Build.0 = Release|Any CPU
		{F570850F-0830-475B-AD52-91D83A52655B}.Debug|Any CPU.ActiveCfg = Debug|Any CPU
		{F570850F-0830-475B-AD52-91D83A52655B}.Debug|Any CPU.Build.0 = Debug|Any CPU
		{F570850F-0830-475B-AD52-91D83A52655B}.Release|Any CPU.ActiveCfg = Release|Any CPU
		{F570850F-0830-475B-AD52-91D83A52655B}.Release|Any CPU.Build.0 = Release|Any CPU
		{19471A78-51EA-40D7-A26D-DE7A3F6F9FB2}.Debug|Any CPU.ActiveCfg = Debug|Any CPU
		{19471A78-51EA-40D7-A26D-DE7A3F6F9FB2}.Debug|Any CPU.Build.0 = Debug|Any CPU
		{19471A78-51EA-40D7-A26D-DE7A3F6F9FB2}.Release|Any CPU.ActiveCfg = Release|Any CPU
		{19471A78-51EA-40D7-A26D-DE7A3F6F9FB2}.Release|Any CPU.Build.0 = Release|Any CPU
		{A06A9953-091C-4EC6-84C2-640BF2BEF76D}.Debug|Any CPU.ActiveCfg = Debug|Any CPU
		{A06A9953-091C-4EC6-84C2-640BF2BEF76D}.Debug|Any CPU.Build.0 = Debug|Any CPU
		{A06A9953-091C-4EC6-84C2-640BF2BEF76D}.Release|Any CPU.ActiveCfg = Release|Any CPU
		{A06A9953-091C-4EC6-84C2-640BF2BEF76D}.Release|Any CPU.Build.0 = Release|Any CPU
		{6AAA1497-8DB7-4B64-8BE6-77345E7A5576}.Debug|Any CPU.ActiveCfg = Debug|Any CPU
		{6AAA1497-8DB7-4B64-8BE6-77345E7A5576}.Debug|Any CPU.Build.0 = Debug|Any CPU
		{6AAA1497-8DB7-4B64-8BE6-77345E7A5576}.Release|Any CPU.ActiveCfg = Release|Any CPU
		{6AAA1497-8DB7-4B64-8BE6-77345E7A5576}.Release|Any CPU.Build.0 = Release|Any CPU
		{44AD7F2E-28BE-4822-956C-997DE990161B}.Debug|Any CPU.ActiveCfg = Debug|Any CPU
		{44AD7F2E-28BE-4822-956C-997DE990161B}.Debug|Any CPU.Build.0 = Debug|Any CPU
		{44AD7F2E-28BE-4822-956C-997DE990161B}.Release|Any CPU.ActiveCfg = Release|Any CPU
		{44AD7F2E-28BE-4822-956C-997DE990161B}.Release|Any CPU.Build.0 = Release|Any CPU
		{0A60358C-88F1-4CC7-8D15-EF706B6694A8}.Debug|Any CPU.ActiveCfg = Debug|Any CPU
		{0A60358C-88F1-4CC7-8D15-EF706B6694A8}.Debug|Any CPU.Build.0 = Debug|Any CPU
		{0A60358C-88F1-4CC7-8D15-EF706B6694A8}.Release|Any CPU.ActiveCfg = Release|Any CPU
		{0A60358C-88F1-4CC7-8D15-EF706B6694A8}.Release|Any CPU.Build.0 = Release|Any CPU
		{51301CB1-77F0-43B6-97FA-437FAB9E0A30}.Debug|Any CPU.ActiveCfg = Debug|Any CPU
		{51301CB1-77F0-43B6-97FA-437FAB9E0A30}.Debug|Any CPU.Build.0 = Debug|Any CPU
		{51301CB1-77F0-43B6-97FA-437FAB9E0A30}.Release|Any CPU.ActiveCfg = Release|Any CPU
		{51301CB1-77F0-43B6-97FA-437FAB9E0A30}.Release|Any CPU.Build.0 = Release|Any CPU
		{3CE6EC69-9CC3-4255-B0C7-5E4BC5B0BE7C}.Debug|Any CPU.ActiveCfg = Debug|Any CPU
		{3CE6EC69-9CC3-4255-B0C7-5E4BC5B0BE7C}.Debug|Any CPU.Build.0 = Debug|Any CPU
		{3CE6EC69-9CC3-4255-B0C7-5E4BC5B0BE7C}.Release|Any CPU.ActiveCfg = Release|Any CPU
		{3CE6EC69-9CC3-4255-B0C7-5E4BC5B0BE7C}.Release|Any CPU.Build.0 = Release|Any CPU
		{968B408F-8021-4C66-A3CD-2472D68F3C00}.Debug|Any CPU.ActiveCfg = Debug|Any CPU
		{968B408F-8021-4C66-A3CD-2472D68F3C00}.Debug|Any CPU.Build.0 = Debug|Any CPU
		{968B408F-8021-4C66-A3CD-2472D68F3C00}.Release|Any CPU.ActiveCfg = Release|Any CPU
		{968B408F-8021-4C66-A3CD-2472D68F3C00}.Release|Any CPU.Build.0 = Release|Any CPU
		{7FB0577F-4E4E-42F8-B3E0-2FC5D12C7662}.Debug|Any CPU.ActiveCfg = Debug|Any CPU
		{7FB0577F-4E4E-42F8-B3E0-2FC5D12C7662}.Debug|Any CPU.Build.0 = Debug|Any CPU
		{7FB0577F-4E4E-42F8-B3E0-2FC5D12C7662}.Release|Any CPU.ActiveCfg = Release|Any CPU
		{7FB0577F-4E4E-42F8-B3E0-2FC5D12C7662}.Release|Any CPU.Build.0 = Release|Any CPU
		{27FD3607-DF57-4D02-9EE7-8DC435A52B6D}.Debug|Any CPU.ActiveCfg = Debug|Any CPU
		{27FD3607-DF57-4D02-9EE7-8DC435A52B6D}.Debug|Any CPU.Build.0 = Debug|Any CPU
		{27FD3607-DF57-4D02-9EE7-8DC435A52B6D}.Release|Any CPU.ActiveCfg = Release|Any CPU
		{27FD3607-DF57-4D02-9EE7-8DC435A52B6D}.Release|Any CPU.Build.0 = Release|Any CPU
	EndGlobalSection
	GlobalSection(SolutionProperties) = preSolution
		HideSolutionNode = FALSE
	EndGlobalSection
	GlobalSection(NestedProjects) = preSolution
		{5BA34D67-5446-4F1C-85F0-3C1FFCDC59CF} = {02EA681E-C7D8-13C7-8484-4AC65E1B71E8}
		{1C0C3877-41BA-4A96-82D8-CA9E6BD944C8} = {02EA681E-C7D8-13C7-8484-4AC65E1B71E8}
		{97463901-F571-4030-BD88-6EE05CBCDE17} = {02EA681E-C7D8-13C7-8484-4AC65E1B71E8}
		{6AC565BF-796B-4D4B-BA9F-9DFDC096B99D} = {0BD9687D-C9D6-49D1-8ADA-A13532799FF1}
		{F570850F-0830-475B-AD52-91D83A52655B} = {0BD9687D-C9D6-49D1-8ADA-A13532799FF1}
		{19471A78-51EA-40D7-A26D-DE7A3F6F9FB2} = {0BD9687D-C9D6-49D1-8ADA-A13532799FF1}
		{A06A9953-091C-4EC6-84C2-640BF2BEF76D} = {D4BE9A9A-EC12-45E4-9DE6-A988DBF1DFF0}
		{6AAA1497-8DB7-4B64-8BE6-77345E7A5576} = {D4BE9A9A-EC12-45E4-9DE6-A988DBF1DFF0}
		{44AD7F2E-28BE-4822-956C-997DE990161B} = {D4BE9A9A-EC12-45E4-9DE6-A988DBF1DFF0}
		{0A60358C-88F1-4CC7-8D15-EF706B6694A8} = {9F0D6EBA-EBA9-475F-B766-D38D75F1173D}
		{51301CB1-77F0-43B6-97FA-437FAB9E0A30} = {9F0D6EBA-EBA9-475F-B766-D38D75F1173D}
		{3CE6EC69-9CC3-4255-B0C7-5E4BC5B0BE7C} = {9F0D6EBA-EBA9-475F-B766-D38D75F1173D}
		{968B408F-8021-4C66-A3CD-2472D68F3C00} = {4EB2D20E-79D2-498E-914C-6ADE3C6880A1}
		{7FB0577F-4E4E-42F8-B3E0-2FC5D12C7662} = {4EB2D20E-79D2-498E-914C-6ADE3C6880A1}
		{27FD3607-DF57-4D02-9EE7-8DC435A52B6D} = {4EB2D20E-79D2-498E-914C-6ADE3C6880A1}
	EndGlobalSection
	GlobalSection(ExtensibilityGlobals) = postSolution
		SolutionGuid = {7BE7A4E8-647E-449F-8E3A-DD832C1FB480}
	EndGlobalSection
EndGlobal
