
Microsoft Visual Studio Solution File, Format Version 12.00
# Visual Studio Version 17
VisualStudioVersion = 17.14.36511.14 d17.14
MinimumVisualStudioVersion = 10.0.40219.1
Project("{2150E333-8FDC-42A3-9474-1A3956D46DE8}") = "Task0", "Task0", "{02EA681E-C7D8-13C7-8484-4AC65E1B71E8}"
EndProject
Project("{FAE04EC0-301F-11D3-BF4B-00C04F79EFBC}") = "Tyuiu.DolganovAV.Sprint1.Task0.V2", "Tyuiu.DolganovAV.Sprint1.Task0.V2\Tyuiu.DolganovAV.Sprint1.Task0.V2.csproj", "{5BA34D67-5446-4F1C-85F0-3C1FFCDC59CF}"
EndProject
Project("{FAE04EC0-301F-11D3-BF4B-00C04F79EFBC}") = "Tyuiu.DolganovAV.Sprint1.Task0.V2.Test", "Tyuiu.DolganovAV.Sprint1.Task0.V2.Test\Tyuiu.DolganovAV.Sprint1.Task0.V2.Test.csproj", "{1C0C3877-41BA-4A96-82D8-CA9E6BD944C8}"
EndProject
Project("{FAE04EC0-301F-11D3-BF4B-00C04F79EFBC}") = "Tyuiu.DolganovAV.Sprint1.Task0.V2.Lib", "Tyuiu.DolganovAV.Sprint1.Task0.V2.Lib\Tyuiu.DolganovAV.Sprint1.Task0.V2.Lib.csproj", "{97463901-F571-4030-BD88-6EE05CBCDE17}"
EndProject
Global
	GlobalSection(SolutionConfigurationPlatforms) = preSolution
		Debug|Any CPU = Debug|Any CPU
		Release|Any CPU = Release|Any CPU
	EndGlobalSection
	GlobalSection(ProjectConfigurationPlatforms) = postSolution
		{5BA34D67-5446-4F1C-85F0-3C1FFCDC59CF}.Debug|Any CPU.ActiveCfg = Debug|Any CPU
		{5BA34D67-5446-4F1C-85F0-3C1FFCDC59CF}.Debug|Any CPU.Build.0 = Debug|Any CPU
		{5BA34D67-5446-4F1C-85F0-3C1FFCDC59CF}.Release|Any CPU.ActiveCfg = Release|Any CPU
		{5BA34D67-5446-4F1C-85F0-3C1FFCDC59CF}.Release|Any CPU.Build.0 = Release|Any CPU
		{1C0C3877-41BA-4A96-82D8-CA9E6BD944C8}.Debug|Any CPU.ActiveCfg = Debug|Any CPU
		{1C0C3877-41BA-4A96-82D8-CA9E6BD944C8}.Debug|Any CPU.Build.0 = Debug|Any CPU
		{1C0C3877-41BA-4A96-82D8-CA9E6BD944C8}.Release|Any CPU.ActiveCfg = Release|Any CPU
		{1C0C3877-41BA-4A96-82D8-CA9E6BD944C8}.Release|Any CPU.Build.0 = Release|Any CPU
		{97463901-F571-4030-BD88-6EE05CBCDE17}.Debug|Any CPU.ActiveCfg = Debug|Any CPU
		{97463901-F571-4030-BD88-6EE05CBCDE17}.Debug|Any CPU.Build.0 = Debug|Any CPU
		{97463901-F571-4030-BD88-6EE05CBCDE17}.Release|Any CPU.ActiveCfg = Release|Any CPU
		{97463901-F571-4030-BD88-6EE05CBCDE17}.Release|Any CPU.Build.0 = Release|Any CPU
	EndGlobalSection
	GlobalSection(SolutionProperties) = preSolution
		HideSolutionNode = FALSE
	EndGlobalSection
	GlobalSection(NestedProjects) = preSolution
		{5BA34D67-5446-4F1C-85F0-3C1FFCDC59CF} = {02EA681E-C7D8-13C7-8484-4AC65E1B71E8}
		{1C0C3877-41BA-4A96-82D8-CA9E6BD944C8} = {02EA681E-C7D8-13C7-8484-4AC65E1B71E8}
		{97463901-F571-4030-BD88-6EE05CBCDE17} = {02EA681E-C7D8-13C7-8484-4AC65E1B71E8}
	EndGlobalSection
	GlobalSection(ExtensibilityGlobals) = postSolution
		SolutionGuid = {7BE7A4E8-647E-449F-8E3A-DD832C1FB480}
	EndGlobalSection
EndGlobal
